
Microsoft Visual Studio Solution File, Format Version 12.00
# Visual Studio Version 17
VisualStudioVersion = 17.0.31912.275
MinimumVisualStudioVersion = 10.0.40219.1
Project("{2150E333-8FDC-42A3-9474-1A3956D46DE8}") = "Services", "Services", "{42C94D89-6CC3-4185-8A11-E5217E2744F0}"
EndProject
Project("{2150E333-8FDC-42A3-9474-1A3956D46DE8}") = "Catalog", "Catalog", "{99811D5B-6B52-460B-81AB-DA64265A091C}"
EndProject
Project("{9A19103F-16F7-4668-BE54-9A1E7A4F7556}") = "Catalog.API", "Services\Catalog\Catalog.API\Catalog.API.csproj", "{9ECE4588-1C83-49B8-8100-3EC1FFFA360C}"
EndProject
Project("{E53339B2-1760-4266-BCC7-CA923CBCF16C}") = "docker-compose", "docker-compose.dcproj", "{1915203B-6422-44E1-9BAE-F5FEB938F865}"
EndProject
Global
	GlobalSection(SolutionConfigurationPlatforms) = preSolution
		Debug|Any CPU = Debug|Any CPU
		Release|Any CPU = Release|Any CPU
	EndGlobalSection
	GlobalSection(ProjectConfigurationPlatforms) = postSolution
		{9ECE4588-1C83-49B8-8100-3EC1FFFA360C}.Debug|Any CPU.ActiveCfg = Debug|Any CPU
		{9ECE4588-1C83-49B8-8100-3EC1FFFA360C}.Debug|Any CPU.Build.0 = Debug|Any CPU
		{9ECE4588-1C83-49B8-8100-3EC1FFFA360C}.Release|Any CPU.ActiveCfg = Release|Any CPU
		{9ECE4588-1C83-49B8-8100-3EC1FFFA360C}.Release|Any CPU.Build.0 = Release|Any CPU
		{1915203B-6422-44E1-9BAE-F5FEB938F865}.Debug|Any CPU.ActiveCfg = Debug|Any CPU
		{1915203B-6422-44E1-9BAE-F5FEB938F865}.Debug|Any CPU.Build.0 = Debug|Any CPU
		{1915203B-6422-44E1-9BAE-F5FEB938F865}.Release|Any CPU.ActiveCfg = Release|Any CPU
		{1915203B-6422-44E1-9BAE-F5FEB938F865}.Release|Any CPU.Build.0 = Release|Any CPU
	EndGlobalSection
	GlobalSection(SolutionProperties) = preSolution
		HideSolutionNode = FALSE
	EndGlobalSection
	GlobalSection(NestedProjects) = preSolution
		{99811D5B-6B52-460B-81AB-DA64265A091C} = {42C94D89-6CC3-4185-8A11-E5217E2744F0}
		{9ECE4588-1C83-49B8-8100-3EC1FFFA360C} = {99811D5B-6B52-460B-81AB-DA64265A091C}
	EndGlobalSection
	GlobalSection(ExtensibilityGlobals) = postSolution
		SolutionGuid = {B55C9EDA-86EC-43C5-A554-DDA56A2BC22F}
	EndGlobalSection
EndGlobal
